// !$*UTF8*$!
{
	archiveVersion = 1;
	classes = {
	};
	objectVersion = 56;
	objects = {

/* Begin PBXBuildFile section */
		2A27B8F4298C51FD007B1613 /* OpenGL.framework in Frameworks */ = {isa = PBXBuildFile; fileRef = 2A27B8F3298C51FD007B1613 /* OpenGL.framework */; };
		2A27B8F6298C5214007B1613 /* libglut.3.11.1.dylib in Frameworks */ = {isa = PBXBuildFile; fileRef = 2A27B8F5298C5214007B1613 /* libglut.3.11.1.dylib */; };
		2A27B8F8298C5235007B1613 /* libassimp.5.2.4.dylib in Frameworks */ = {isa = PBXBuildFile; fileRef = 2A27B8F7298C5235007B1613 /* libassimp.5.2.4.dylib */; };
		2A27B8FA298C5246007B1613 /* libfreetype.6.dylib in Frameworks */ = {isa = PBXBuildFile; fileRef = 2A27B8F9298C5246007B1613 /* libfreetype.6.dylib */; };
		2A27B8FC298C5256007B1613 /* libglfw.3.3.dylib in Frameworks */ = {isa = PBXBuildFile; fileRef = 2A27B8FB298C5256007B1613 /* libglfw.3.3.dylib */; };
		2A27B8FE298C526C007B1613 /* libGLEW.2.2.0.dylib in Frameworks */ = {isa = PBXBuildFile; fileRef = 2A27B8FD298C526C007B1613 /* libGLEW.2.2.0.dylib */; };
		2A27B906298C52E4007B1613 /* res in CopyFiles */ = {isa = PBXBuildFile; fileRef = 2A27B904298C52D4007B1613 /* res */; };
		2A27B91E298C5334007B1613 /* image_helper.c in Sources */ = {isa = PBXBuildFile; fileRef = 2A27B90A298C5334007B1613 /* image_helper.c */; };
		2A27B91F298C5334007B1613 /* image_DXT.c in Sources */ = {isa = PBXBuildFile; fileRef = 2A27B90D298C5334007B1613 /* image_DXT.c */; };
		2A27B920298C5334007B1613 /* SOIL2.c in Sources */ = {isa = PBXBuildFile; fileRef = 2A27B90F298C5334007B1613 /* SOIL2.c */; };
		2A27B921298C5334007B1613 /* wfETC.c in Sources */ = {isa = PBXBuildFile; fileRef = 2A27B919298C5334007B1613 /* wfETC.c */; };
		2A27B931298C53D1007B1613 /* imgui_widgets.cpp in Sources */ = {isa = PBXBuildFile; fileRef = 2A27B927298C53D1007B1613 /* imgui_widgets.cpp */; };
		2A27B932298C53D1007B1613 /* imgui.cpp in Sources */ = {isa = PBXBuildFile; fileRef = 2A27B929298C53D1007B1613 /* imgui.cpp */; };
		2A27B933298C53D1007B1613 /* imgui_impl_opengl3.cpp in Sources */ = {isa = PBXBuildFile; fileRef = 2A27B92B298C53D1007B1613 /* imgui_impl_opengl3.cpp */; };
		2A27B934298C53D1007B1613 /* imgui_tables.cpp in Sources */ = {isa = PBXBuildFile; fileRef = 2A27B92D298C53D1007B1613 /* imgui_tables.cpp */; };
		2A27B935298C53D1007B1613 /* imgui_impl_glfw.cpp in Sources */ = {isa = PBXBuildFile; fileRef = 2A27B92E298C53D1007B1613 /* imgui_impl_glfw.cpp */; };
		2A27B936298C53D1007B1613 /* imgui_demo.cpp in Sources */ = {isa = PBXBuildFile; fileRef = 2A27B92F298C53D1007B1613 /* imgui_demo.cpp */; };
		2A27B937298C53D1007B1613 /* imgui_draw.cpp in Sources */ = {isa = PBXBuildFile; fileRef = 2A27B930298C53D1007B1613 /* imgui_draw.cpp */; };
		2AB1C5C3298BF90900C19943 /* main.cpp in Sources */ = {isa = PBXBuildFile; fileRef = 2AB1C5C2298BF90900C19943 /* main.cpp */; };
/* End PBXBuildFile section */

/* Begin PBXCopyFilesBuildPhase section */
		2A27B905298C52DD007B1613 /* CopyFiles */ = {
			isa = PBXCopyFilesBuildPhase;
			buildActionMask = 2147483647;
			dstPath = "";
			dstSubfolderSpec = 7;
			files = (
				2A27B906298C52E4007B1613 /* res in CopyFiles */,
			);
			runOnlyForDeploymentPostprocessing = 0;
		};
		2AB1C5BD298BF90900C19943 /* CopyFiles */ = {
			isa = PBXCopyFilesBuildPhase;
			buildActionMask = 2147483647;
			dstPath = /usr/share/man/man1/;
			dstSubfolderSpec = 0;
			files = (
			);
			runOnlyForDeploymentPostprocessing = 1;
		};
/* End PBXCopyFilesBuildPhase section */

/* Begin PBXFileReference section */
		2A27B8F3298C51FD007B1613 /* OpenGL.framework */ = {isa = PBXFileReference; lastKnownFileType = wrapper.framework; name = OpenGL.framework; path = System/Library/Frameworks/OpenGL.framework; sourceTree = SDKROOT; };
		2A27B8F5298C5214007B1613 /* libglut.3.11.1.dylib */ = {isa = PBXFileReference; lastKnownFileType = "compiled.mach-o.dylib"; name = libglut.3.11.1.dylib; path = ../../../../../opt/homebrew/Cellar/freeglut/3.2.2/lib/libglut.3.11.1.dylib; sourceTree = "<group>"; };
		2A27B8F7298C5235007B1613 /* libassimp.5.2.4.dylib */ = {isa = PBXFileReference; lastKnownFileType = "compiled.mach-o.dylib"; name = libassimp.5.2.4.dylib; path = ../../../../../opt/homebrew/Cellar/assimp/5.2.5/lib/libassimp.5.2.4.dylib; sourceTree = "<group>"; };
		2A27B8F9298C5246007B1613 /* libfreetype.6.dylib */ = {isa = PBXFileReference; lastKnownFileType = "compiled.mach-o.dylib"; name = libfreetype.6.dylib; path = ../../../../../opt/homebrew/Cellar/freetype/2.12.1/lib/libfreetype.6.dylib; sourceTree = "<group>"; };
		2A27B8FB298C5256007B1613 /* libglfw.3.3.dylib */ = {isa = PBXFileReference; lastKnownFileType = "compiled.mach-o.dylib"; name = libglfw.3.3.dylib; path = ../../../../../opt/homebrew/Cellar/glfw/3.3.8/lib/libglfw.3.3.dylib; sourceTree = "<group>"; };
		2A27B8FD298C526C007B1613 /* libGLEW.2.2.0.dylib */ = {isa = PBXFileReference; lastKnownFileType = "compiled.mach-o.dylib"; name = libGLEW.2.2.0.dylib; path = ../../../../../opt/homebrew/Cellar/glew/2.2.0_1/lib/libGLEW.2.2.0.dylib; sourceTree = "<group>"; };
		2A27B8FF298C52CA007B1613 /* Model.h */ = {isa = PBXFileReference; fileEncoding = 4; lastKnownFileType = sourcecode.c.h; path = Model.h; sourceTree = "<group>"; };
		2A27B900298C52CA007B1613 /* Text.h */ = {isa = PBXFileReference; fileEncoding = 4; lastKnownFileType = sourcecode.c.h; path = Text.h; sourceTree = "<group>"; };
		2A27B901298C52CA007B1613 /* Mesh.h */ = {isa = PBXFileReference; fileEncoding = 4; lastKnownFileType = sourcecode.c.h; path = Mesh.h; sourceTree = "<group>"; };
		2A27B902298C52CA007B1613 /* Shader.h */ = {isa = PBXFileReference; fileEncoding = 4; lastKnownFileType = sourcecode.c.h; path = Shader.h; sourceTree = "<group>"; };
		2A27B903298C52CA007B1613 /* Camera.h */ = {isa = PBXFileReference; fileEncoding = 4; lastKnownFileType = sourcecode.c.h; path = Camera.h; sourceTree = "<group>"; };
		2A27B904298C52D4007B1613 /* res */ = {isa = PBXFileReference; lastKnownFileType = folder; path = res; sourceTree = "<group>"; };
		2A27B90A298C5334007B1613 /* image_helper.c */ = {isa = PBXFileReference; fileEncoding = 4; lastKnownFileType = sourcecode.c.c; path = image_helper.c; sourceTree = "<group>"; };
		2A27B90B298C5334007B1613 /* stbi_pkm.h */ = {isa = PBXFileReference; fileEncoding = 4; lastKnownFileType = sourcecode.c.h; path = stbi_pkm.h; sourceTree = "<group>"; };
		2A27B90C298C5334007B1613 /* wfETC.h */ = {isa = PBXFileReference; fileEncoding = 4; lastKnownFileType = sourcecode.c.h; path = wfETC.h; sourceTree = "<group>"; };
		2A27B90D298C5334007B1613 /* image_DXT.c */ = {isa = PBXFileReference; fileEncoding = 4; lastKnownFileType = sourcecode.c.c; path = image_DXT.c; sourceTree = "<group>"; };
		2A27B90E298C5334007B1613 /* stb_image_write.h */ = {isa = PBXFileReference; fileEncoding = 4; lastKnownFileType = sourcecode.c.h; path = stb_image_write.h; sourceTree = "<group>"; };
		2A27B90F298C5334007B1613 /* SOIL2.c */ = {isa = PBXFileReference; fileEncoding = 4; lastKnownFileType = sourcecode.c.c; path = SOIL2.c; sourceTree = "<group>"; };
		2A27B910298C5334007B1613 /* pkm_helper.h */ = {isa = PBXFileReference; fileEncoding = 4; lastKnownFileType = sourcecode.c.h; path = pkm_helper.h; sourceTree = "<group>"; };
		2A27B911298C5334007B1613 /* stbi_DDS_c.h */ = {isa = PBXFileReference; fileEncoding = 4; lastKnownFileType = sourcecode.c.h; path = stbi_DDS_c.h; sourceTree = "<group>"; };
		2A27B912298C5334007B1613 /* stbi_pvr.h */ = {isa = PBXFileReference; fileEncoding = 4; lastKnownFileType = sourcecode.c.h; path = stbi_pvr.h; sourceTree = "<group>"; };
		2A27B913298C5334007B1613 /* stbi_ext.h */ = {isa = PBXFileReference; fileEncoding = 4; lastKnownFileType = sourcecode.c.h; path = stbi_ext.h; sourceTree = "<group>"; };
		2A27B914298C5334007B1613 /* stb_image.h */ = {isa = PBXFileReference; fileEncoding = 4; lastKnownFileType = sourcecode.c.h; path = stb_image.h; sourceTree = "<group>"; };
		2A27B915298C5334007B1613 /* stbi_pvr_c.h */ = {isa = PBXFileReference; fileEncoding = 4; lastKnownFileType = sourcecode.c.h; path = stbi_pvr_c.h; sourceTree = "<group>"; };
		2A27B916298C5334007B1613 /* stbi_ext_c.h */ = {isa = PBXFileReference; fileEncoding = 4; lastKnownFileType = sourcecode.c.h; path = stbi_ext_c.h; sourceTree = "<group>"; };
		2A27B917298C5334007B1613 /* image_helper.h */ = {isa = PBXFileReference; fileEncoding = 4; lastKnownFileType = sourcecode.c.h; path = image_helper.h; sourceTree = "<group>"; };
		2A27B918298C5334007B1613 /* SOIL2.h */ = {isa = PBXFileReference; fileEncoding = 4; lastKnownFileType = sourcecode.c.h; path = SOIL2.h; sourceTree = "<group>"; };
		2A27B919298C5334007B1613 /* wfETC.c */ = {isa = PBXFileReference; fileEncoding = 4; lastKnownFileType = sourcecode.c.c; path = wfETC.c; sourceTree = "<group>"; };
		2A27B91A298C5334007B1613 /* image_DXT.h */ = {isa = PBXFileReference; fileEncoding = 4; lastKnownFileType = sourcecode.c.h; path = image_DXT.h; sourceTree = "<group>"; };
		2A27B91B298C5334007B1613 /* stbi_pkm_c.h */ = {isa = PBXFileReference; fileEncoding = 4; lastKnownFileType = sourcecode.c.h; path = stbi_pkm_c.h; sourceTree = "<group>"; };
		2A27B91C298C5334007B1613 /* stbi_DDS.h */ = {isa = PBXFileReference; fileEncoding = 4; lastKnownFileType = sourcecode.c.h; path = stbi_DDS.h; sourceTree = "<group>"; };
		2A27B91D298C5334007B1613 /* pvr_helper.h */ = {isa = PBXFileReference; fileEncoding = 4; lastKnownFileType = sourcecode.c.h; path = pvr_helper.h; sourceTree = "<group>"; };
		2A27B922298C53A8007B1613 /* imgui */ = {isa = PBXFileReference; fileEncoding = 4; lastKnownFileType = folder; name = imgui; path = "Assignment-2/imgui"; sourceTree = SOURCE_ROOT; };
		2A27B925298C53D1007B1613 /* imstb_textedit.h */ = {isa = PBXFileReference; fileEncoding = 4; lastKnownFileType = sourcecode.c.h; path = imstb_textedit.h; sourceTree = "<group>"; };
		2A27B926298C53D1007B1613 /* imconfig.h */ = {isa = PBXFileReference; fileEncoding = 4; lastKnownFileType = sourcecode.c.h; path = imconfig.h; sourceTree = "<group>"; };
		2A27B927298C53D1007B1613 /* imgui_widgets.cpp */ = {isa = PBXFileReference; fileEncoding = 4; lastKnownFileType = sourcecode.cpp.cpp; path = imgui_widgets.cpp; sourceTree = "<group>"; };
		2A27B928298C53D1007B1613 /* imstb_truetype.h */ = {isa = PBXFileReference; fileEncoding = 4; lastKnownFileType = sourcecode.c.h; path = imstb_truetype.h; sourceTree = "<group>"; };
		2A27B929298C53D1007B1613 /* imgui.cpp */ = {isa = PBXFileReference; fileEncoding = 4; lastKnownFileType = sourcecode.cpp.cpp; path = imgui.cpp; sourceTree = "<group>"; };
		2A27B92A298C53D1007B1613 /* imgui_internal.h */ = {isa = PBXFileReference; fileEncoding = 4; lastKnownFileType = sourcecode.c.h; path = imgui_internal.h; sourceTree = "<group>"; };
		2A27B92B298C53D1007B1613 /* imgui_impl_opengl3.cpp */ = {isa = PBXFileReference; fileEncoding = 4; lastKnownFileType = sourcecode.cpp.cpp; path = imgui_impl_opengl3.cpp; sourceTree = "<group>"; };
		2A27B92C298C53D1007B1613 /* imstb_rectpack.h */ = {isa = PBXFileReference; fileEncoding = 4; lastKnownFileType = sourcecode.c.h; path = imstb_rectpack.h; sourceTree = "<group>"; };
		2A27B92D298C53D1007B1613 /* imgui_tables.cpp */ = {isa = PBXFileReference; fileEncoding = 4; lastKnownFileType = sourcecode.cpp.cpp; path = imgui_tables.cpp; sourceTree = "<group>"; };
		2A27B92E298C53D1007B1613 /* imgui_impl_glfw.cpp */ = {isa = PBXFileReference; fileEncoding = 4; lastKnownFileType = sourcecode.cpp.cpp; path = imgui_impl_glfw.cpp; sourceTree = "<group>"; };
		2A27B92F298C53D1007B1613 /* imgui_demo.cpp */ = {isa = PBXFileReference; fileEncoding = 4; lastKnownFileType = sourcecode.cpp.cpp; path = imgui_demo.cpp; sourceTree = "<group>"; };
		2A27B930298C53D1007B1613 /* imgui_draw.cpp */ = {isa = PBXFileReference; fileEncoding = 4; lastKnownFileType = sourcecode.cpp.cpp; path = imgui_draw.cpp; sourceTree = "<group>"; };
		2A27B938298C541B007B1613 /* Texture.h */ = {isa = PBXFileReference; fileEncoding = 4; lastKnownFileType = sourcecode.c.h; path = Texture.h; sourceTree = "<group>"; };
		2AB1C5BF298BF90900C19943 /* Assignment-2 */ = {isa = PBXFileReference; explicitFileType = "compiled.mach-o.executable"; includeInIndex = 0; path = "Assignment-2"; sourceTree = BUILT_PRODUCTS_DIR; };
		2AB1C5C2298BF90900C19943 /* main.cpp */ = {isa = PBXFileReference; lastKnownFileType = sourcecode.cpp.cpp; path = main.cpp; sourceTree = "<group>"; };
/* End PBXFileReference section */

/* Begin PBXFrameworksBuildPhase section */
		2AB1C5BC298BF90900C19943 /* Frameworks */ = {
			isa = PBXFrameworksBuildPhase;
			buildActionMask = 2147483647;
			files = (
				2A27B8FE298C526C007B1613 /* libGLEW.2.2.0.dylib in Frameworks */,
				2A27B8FC298C5256007B1613 /* libglfw.3.3.dylib in Frameworks */,
				2A27B8FA298C5246007B1613 /* libfreetype.6.dylib in Frameworks */,
				2A27B8F8298C5235007B1613 /* libassimp.5.2.4.dylib in Frameworks */,
				2A27B8F6298C5214007B1613 /* libglut.3.11.1.dylib in Frameworks */,
				2A27B8F4298C51FD007B1613 /* OpenGL.framework in Frameworks */,
			);
			runOnlyForDeploymentPostprocessing = 0;
		};
/* End PBXFrameworksBuildPhase section */

/* Begin PBXGroup section */
		2A27B8F2298C51FD007B1613 /* Frameworks */ = {
			isa = PBXGroup;
			children = (
				2A27B8FD298C526C007B1613 /* libGLEW.2.2.0.dylib */,
				2A27B8FB298C5256007B1613 /* libglfw.3.3.dylib */,
				2A27B8F9298C5246007B1613 /* libfreetype.6.dylib */,
				2A27B8F7298C5235007B1613 /* libassimp.5.2.4.dylib */,
				2A27B8F5298C5214007B1613 /* libglut.3.11.1.dylib */,
				2A27B8F3298C51FD007B1613 /* OpenGL.framework */,
			);
			name = Frameworks;
			sourceTree = "<group>";
		};
		2A27B909298C5334007B1613 /* SOIL2 */ = {
			isa = PBXGroup;
			children = (
				2A27B90A298C5334007B1613 /* image_helper.c */,
				2A27B90B298C5334007B1613 /* stbi_pkm.h */,
				2A27B90C298C5334007B1613 /* wfETC.h */,
				2A27B90D298C5334007B1613 /* image_DXT.c */,
				2A27B90E298C5334007B1613 /* stb_image_write.h */,
				2A27B90F298C5334007B1613 /* SOIL2.c */,
				2A27B910298C5334007B1613 /* pkm_helper.h */,
				2A27B911298C5334007B1613 /* stbi_DDS_c.h */,
				2A27B912298C5334007B1613 /* stbi_pvr.h */,
				2A27B913298C5334007B1613 /* stbi_ext.h */,
				2A27B914298C5334007B1613 /* stb_image.h */,
				2A27B915298C5334007B1613 /* stbi_pvr_c.h */,
				2A27B916298C5334007B1613 /* stbi_ext_c.h */,
				2A27B917298C5334007B1613 /* image_helper.h */,
				2A27B918298C5334007B1613 /* SOIL2.h */,
				2A27B919298C5334007B1613 /* wfETC.c */,
				2A27B91A298C5334007B1613 /* image_DXT.h */,
				2A27B91B298C5334007B1613 /* stbi_pkm_c.h */,
				2A27B91C298C5334007B1613 /* stbi_DDS.h */,
				2A27B91D298C5334007B1613 /* pvr_helper.h */,
			);
			path = SOIL2;
			sourceTree = "<group>";
		};
		2A27B924298C53D1007B1613 /* imgui_backends */ = {
			isa = PBXGroup;
			children = (
				2A27B925298C53D1007B1613 /* imstb_textedit.h */,
				2A27B926298C53D1007B1613 /* imconfig.h */,
				2A27B927298C53D1007B1613 /* imgui_widgets.cpp */,
				2A27B928298C53D1007B1613 /* imstb_truetype.h */,
				2A27B929298C53D1007B1613 /* imgui.cpp */,
				2A27B92A298C53D1007B1613 /* imgui_internal.h */,
				2A27B92B298C53D1007B1613 /* imgui_impl_opengl3.cpp */,
				2A27B92C298C53D1007B1613 /* imstb_rectpack.h */,
				2A27B92D298C53D1007B1613 /* imgui_tables.cpp */,
				2A27B92E298C53D1007B1613 /* imgui_impl_glfw.cpp */,
				2A27B92F298C53D1007B1613 /* imgui_demo.cpp */,
				2A27B930298C53D1007B1613 /* imgui_draw.cpp */,
			);
			path = imgui_backends;
			sourceTree = "<group>";
		};
		2AB1C5B6298BF90900C19943 = {
			isa = PBXGroup;
			children = (
				2AB1C5C1298BF90900C19943 /* Assignment-2 */,
				2AB1C5C0298BF90900C19943 /* Products */,
				2A27B8F2298C51FD007B1613 /* Frameworks */,
			);
			sourceTree = "<group>";
		};
		2AB1C5C0298BF90900C19943 /* Products */ = {
			isa = PBXGroup;
			children = (
				2AB1C5BF298BF90900C19943 /* Assignment-2 */,
			);
			name = Products;
			sourceTree = "<group>";
		};
		2AB1C5C1298BF90900C19943 /* Assignment-2 */ = {
			isa = PBXGroup;
			children = (
				2A27B924298C53D1007B1613 /* imgui_backends */,
				2A27B909298C5334007B1613 /* SOIL2 */,
				2A27B904298C52D4007B1613 /* res */,
				2A27B922298C53A8007B1613 /* imgui */,
				2AB1C5C2298BF90900C19943 /* main.cpp */,
				2A27B903298C52CA007B1613 /* Camera.h */,
				2A27B901298C52CA007B1613 /* Mesh.h */,
				2A27B8FF298C52CA007B1613 /* Model.h */,
				2A27B902298C52CA007B1613 /* Shader.h */,
				2A27B938298C541B007B1613 /* Texture.h */,
				2A27B900298C52CA007B1613 /* Text.h */,
			);
			path = "Assignment-2";
			sourceTree = "<group>";
		};
/* End PBXGroup section */

/* Begin PBXNativeTarget section */
		2AB1C5BE298BF90900C19943 /* Assignment-2 */ = {
			isa = PBXNativeTarget;
			buildConfigurationList = 2AB1C5C6298BF90900C19943 /* Build configuration list for PBXNativeTarget "Assignment-2" */;
			buildPhases = (
				2AB1C5BB298BF90900C19943 /* Sources */,
				2AB1C5BC298BF90900C19943 /* Frameworks */,
				2AB1C5BD298BF90900C19943 /* CopyFiles */,
				2A27B905298C52DD007B1613 /* CopyFiles */,
			);
			buildRules = (
			);
			dependencies = (
			);
			name = "Assignment-2";
			productName = "Assignment-2";
			productReference = 2AB1C5BF298BF90900C19943 /* Assignment-2 */;
			productType = "com.apple.product-type.tool";
		};
/* End PBXNativeTarget section */

/* Begin PBXProject section */
		2AB1C5B7298BF90900C19943 /* Project object */ = {
			isa = PBXProject;
			attributes = {
				BuildIndependentTargetsInParallel = 1;
				LastUpgradeCheck = 1420;
				TargetAttributes = {
					2AB1C5BE298BF90900C19943 = {
						CreatedOnToolsVersion = 14.2;
					};
				};
			};
			buildConfigurationList = 2AB1C5BA298BF90900C19943 /* Build configuration list for PBXProject "Assignment-2" */;
			compatibilityVersion = "Xcode 14.0";
			developmentRegion = en;
			hasScannedForEncodings = 0;
			knownRegions = (
				en,
				Base,
			);
			mainGroup = 2AB1C5B6298BF90900C19943;
			productRefGroup = 2AB1C5C0298BF90900C19943 /* Products */;
			projectDirPath = "";
			projectRoot = "";
			targets = (
				2AB1C5BE298BF90900C19943 /* Assignment-2 */,
			);
		};
/* End PBXProject section */

/* Begin PBXSourcesBuildPhase section */
		2AB1C5BB298BF90900C19943 /* Sources */ = {
			isa = PBXSourcesBuildPhase;
			buildActionMask = 2147483647;
			files = (
				2A27B921298C5334007B1613 /* wfETC.c in Sources */,
				2A27B931298C53D1007B1613 /* imgui_widgets.cpp in Sources */,
				2A27B933298C53D1007B1613 /* imgui_impl_opengl3.cpp in Sources */,
				2A27B937298C53D1007B1613 /* imgui_draw.cpp in Sources */,
				2A27B935298C53D1007B1613 /* imgui_impl_glfw.cpp in Sources */,
				2AB1C5C3298BF90900C19943 /* main.cpp in Sources */,
				2A27B936298C53D1007B1613 /* imgui_demo.cpp in Sources */,
				2A27B934298C53D1007B1613 /* imgui_tables.cpp in Sources */,
				2A27B920298C5334007B1613 /* SOIL2.c in Sources */,
				2A27B91E298C5334007B1613 /* image_helper.c in Sources */,
				2A27B932298C53D1007B1613 /* imgui.cpp in Sources */,
				2A27B91F298C5334007B1613 /* image_DXT.c in Sources */,
			);
			runOnlyForDeploymentPostprocessing = 0;
		};
/* End PBXSourcesBuildPhase section */

/* Begin XCBuildConfiguration section */
		2AB1C5C4298BF90900C19943 /* Debug */ = {
			isa = XCBuildConfiguration;
			buildSettings = {
				ALWAYS_SEARCH_USER_PATHS = NO;
				CLANG_ANALYZER_NONNULL = YES;
				CLANG_ANALYZER_NUMBER_OBJECT_CONVERSION = YES_AGGRESSIVE;
				CLANG_CXX_LANGUAGE_STANDARD = "gnu++20";
				CLANG_ENABLE_MODULES = YES;
				CLANG_ENABLE_OBJC_ARC = YES;
				CLANG_ENABLE_OBJC_WEAK = YES;
				CLANG_WARN_BLOCK_CAPTURE_AUTORELEASING = YES;
				CLANG_WARN_BOOL_CONVERSION = YES;
				CLANG_WARN_COMMA = YES;
				CLANG_WARN_CONSTANT_CONVERSION = YES;
				CLANG_WARN_DEPRECATED_OBJC_IMPLEMENTATIONS = YES;
				CLANG_WARN_DIRECT_OBJC_ISA_USAGE = YES_ERROR;
				CLANG_WARN_DOCUMENTATION_COMMENTS = YES;
				CLANG_WARN_EMPTY_BODY = YES;
				CLANG_WARN_ENUM_CONVERSION = YES;
				CLANG_WARN_INFINITE_RECURSION = YES;
				CLANG_WARN_INT_CONVERSION = YES;
				CLANG_WARN_NON_LITERAL_NULL_CONVERSION = YES;
				CLANG_WARN_OBJC_IMPLICIT_RETAIN_SELF = YES;
				CLANG_WARN_OBJC_LITERAL_CONVERSION = YES;
				CLANG_WARN_OBJC_ROOT_CLASS = YES_ERROR;
				CLANG_WARN_QUOTED_INCLUDE_IN_FRAMEWORK_HEADER = YES;
				CLANG_WARN_RANGE_LOOP_ANALYSIS = YES;
				CLANG_WARN_STRICT_PROTOTYPES = YES;
				CLANG_WARN_SUSPICIOUS_MOVE = YES;
				CLANG_WARN_UNGUARDED_AVAILABILITY = YES_AGGRESSIVE;
				CLANG_WARN_UNREACHABLE_CODE = YES;
				CLANG_WARN__DUPLICATE_METHOD_MATCH = YES;
				COPY_PHASE_STRIP = NO;
				DEBUG_INFORMATION_FORMAT = dwarf;
				ENABLE_STRICT_OBJC_MSGSEND = YES;
				ENABLE_TESTABILITY = YES;
				GCC_C_LANGUAGE_STANDARD = gnu11;
				GCC_DYNAMIC_NO_PIC = NO;
				GCC_NO_COMMON_BLOCKS = YES;
				GCC_OPTIMIZATION_LEVEL = 0;
				GCC_PREPROCESSOR_DEFINITIONS = (
					"DEBUG=1",
					"$(inherited)",
				);
				GCC_WARN_64_TO_32_BIT_CONVERSION = YES;
				GCC_WARN_ABOUT_RETURN_TYPE = YES_ERROR;
				GCC_WARN_UNDECLARED_SELECTOR = YES;
				GCC_WARN_UNINITIALIZED_AUTOS = YES_AGGRESSIVE;
				GCC_WARN_UNUSED_FUNCTION = YES;
				GCC_WARN_UNUSED_VARIABLE = YES;
				MACOSX_DEPLOYMENT_TARGET = 13.1;
				MTL_ENABLE_DEBUG_INFO = INCLUDE_SOURCE;
				MTL_FAST_MATH = YES;
				ONLY_ACTIVE_ARCH = YES;
				SDKROOT = macosx;
			};
			name = Debug;
		};
		2AB1C5C5298BF90900C19943 /* Release */ = {
			isa = XCBuildConfiguration;
			buildSettings = {
				ALWAYS_SEARCH_USER_PATHS = NO;
				CLANG_ANALYZER_NONNULL = YES;
				CLANG_ANALYZER_NUMBER_OBJECT_CONVERSION = YES_AGGRESSIVE;
				CLANG_CXX_LANGUAGE_STANDARD = "gnu++20";
				CLANG_ENABLE_MODULES = YES;
				CLANG_ENABLE_OBJC_ARC = YES;
				CLANG_ENABLE_OBJC_WEAK = YES;
				CLANG_WARN_BLOCK_CAPTURE_AUTORELEASING = YES;
				CLANG_WARN_BOOL_CONVERSION = YES;
				CLANG_WARN_COMMA = YES;
				CLANG_WARN_CONSTANT_CONVERSION = YES;
				CLANG_WARN_DEPRECATED_OBJC_IMPLEMENTATIONS = YES;
				CLANG_WARN_DIRECT_OBJC_ISA_USAGE = YES_ERROR;
				CLANG_WARN_DOCUMENTATION_COMMENTS = YES;
				CLANG_WARN_EMPTY_BODY = YES;
				CLANG_WARN_ENUM_CONVERSION = YES;
				CLANG_WARN_INFINITE_RECURSION = YES;
				CLANG_WARN_INT_CONVERSION = YES;
				CLANG_WARN_NON_LITERAL_NULL_CONVERSION = YES;
				CLANG_WARN_OBJC_IMPLICIT_RETAIN_SELF = YES;
				CLANG_WARN_OBJC_LITERAL_CONVERSION = YES;
				CLANG_WARN_OBJC_ROOT_CLASS = YES_ERROR;
				CLANG_WARN_QUOTED_INCLUDE_IN_FRAMEWORK_HEADER = YES;
				CLANG_WARN_RANGE_LOOP_ANALYSIS = YES;
				CLANG_WARN_STRICT_PROTOTYPES = YES;
				CLANG_WARN_SUSPICIOUS_MOVE = YES;
				CLANG_WARN_UNGUARDED_AVAILABILITY = YES_AGGRESSIVE;
				CLANG_WARN_UNREACHABLE_CODE = YES;
				CLANG_WARN__DUPLICATE_METHOD_MATCH = YES;
				COPY_PHASE_STRIP = NO;
				DEBUG_INFORMATION_FORMAT = "dwarf-with-dsym";
				ENABLE_NS_ASSERTIONS = NO;
				ENABLE_STRICT_OBJC_MSGSEND = YES;
				GCC_C_LANGUAGE_STANDARD = gnu11;
				GCC_NO_COMMON_BLOCKS = YES;
				GCC_WARN_64_TO_32_BIT_CONVERSION = YES;
				GCC_WARN_ABOUT_RETURN_TYPE = YES_ERROR;
				GCC_WARN_UNDECLARED_SELECTOR = YES;
				GCC_WARN_UNINITIALIZED_AUTOS = YES_AGGRESSIVE;
				GCC_WARN_UNUSED_FUNCTION = YES;
				GCC_WARN_UNUSED_VARIABLE = YES;
				MACOSX_DEPLOYMENT_TARGET = 13.1;
				MTL_ENABLE_DEBUG_INFO = NO;
				MTL_FAST_MATH = YES;
				SDKROOT = macosx;
			};
			name = Release;
		};
		2AB1C5C7298BF90900C19943 /* Debug */ = {
			isa = XCBuildConfiguration;
			buildSettings = {
				CODE_SIGN_STYLE = Automatic;
				HEADER_SEARCH_PATHS = (
					/opt/homebrew/Cellar/glew/2.2.0_1/include,
					/opt/homebrew/Cellar/assimp/5.2.5/include,
					/opt/homebrew/Cellar/glfw/3.3.8/include,
					/opt/homebrew/Cellar/freetype/2.12.1/include/freetype2,
					/opt/homebrew/Cellar/freeglut/3.2.2/include,
					/opt/homebrew/Cellar/glm/0.9.9.8/include,
					/usr/local/include,
				);
				LIBRARY_SEARCH_PATHS = (
					"$(inherited)",
					/opt/homebrew/Cellar/freeglut/3.2.2/lib,
					/opt/homebrew/Cellar/assimp/5.2.5/lib,
					/opt/homebrew/Cellar/freetype/2.12.1/lib,
					/opt/homebrew/Cellar/glfw/3.3.8/lib,
					/opt/homebrew/Cellar/glew/2.2.0_1/lib,
				);
				PRODUCT_NAME = "$(TARGET_NAME)";
			};
			name = Debug;
		};
		2AB1C5C8298BF90900C19943 /* Release */ = {
			isa = XCBuildConfiguration;
			buildSettings = {
				CODE_SIGN_STYLE = Automatic;
				HEADER_SEARCH_PATHS = (
					/opt/homebrew/Cellar/glew/2.2.0_1/include,
					/opt/homebrew/Cellar/assimp/5.2.5/include,
					/opt/homebrew/Cellar/glfw/3.3.8/include,
					/opt/homebrew/Cellar/freetype/2.12.1/include/freetype2,
					/opt/homebrew/Cellar/freeglut/3.2.2/include,
					/opt/homebrew/Cellar/glm/0.9.9.8/include,
					/usr/local/include,
				);
				LIBRARY_SEARCH_PATHS = (
					"$(inherited)",
					/opt/homebrew/Cellar/freeglut/3.2.2/lib,
					/opt/homebrew/Cellar/assimp/5.2.5/lib,
					/opt/homebrew/Cellar/freetype/2.12.1/lib,
					/opt/homebrew/Cellar/glfw/3.3.8/lib,
					/opt/homebrew/Cellar/glew/2.2.0_1/lib,
				);
				PRODUCT_NAME = "$(TARGET_NAME)";
			};
			name = Release;
		};
/* End XCBuildConfiguration section */

/* Begin XCConfigurationList section */
		2AB1C5BA298BF90900C19943 /* Build configuration list for PBXProject "Assignment-2" */ = {
			isa = XCConfigurationList;
			buildConfigurations = (
				2AB1C5C4298BF90900C19943 /* Debug */,
				2AB1C5C5298BF90900C19943 /* Release */,
			);
			defaultConfigurationIsVisible = 0;
			defaultConfigurationName = Release;
		};
		2AB1C5C6298BF90900C19943 /* Build configuration list for PBXNativeTarget "Assignment-2" */ = {
			isa = XCConfigurationList;
			buildConfigurations = (
				2AB1C5C7298BF90900C19943 /* Debug */,
				2AB1C5C8298BF90900C19943 /* Release */,
			);
			defaultConfigurationIsVisible = 0;
			defaultConfigurationName = Release;
		};
/* End XCConfigurationList section */
	};
	rootObject = 2AB1C5B7298BF90900C19943 /* Project object */;
}
