// !$*UTF8*$!
{
	archiveVersion = 1;
	classes = {
	};
	objectVersion = 56;
	objects = {

/* Begin PBXBuildFile section */
		2A2EAC492980276C009BFFB1 /* main.cpp in Sources */ = {isa = PBXBuildFile; fileRef = 2A2EAC482980276C009BFFB1 /* main.cpp */; };
		2A2EAC5129802795009BFFB1 /* OpenGL.framework in Frameworks */ = {isa = PBXBuildFile; fileRef = 2A2EAC5029802795009BFFB1 /* OpenGL.framework */; };
		2A2EAC532980286F009BFFB1 /* libglut.3.11.1.dylib in Frameworks */ = {isa = PBXBuildFile; fileRef = 2A2EAC522980286F009BFFB1 /* libglut.3.11.1.dylib */; };
		2A2EAC5529802882009BFFB1 /* libglfw.3.3.dylib in Frameworks */ = {isa = PBXBuildFile; fileRef = 2A2EAC5429802882009BFFB1 /* libglfw.3.3.dylib */; };
		2A2EAC57298028A0009BFFB1 /* libassimp.5.2.4.dylib in Frameworks */ = {isa = PBXBuildFile; fileRef = 2A2EAC56298028A0009BFFB1 /* libassimp.5.2.4.dylib */; };
		2A2EAC59298028C6009BFFB1 /* libGLEW.2.2.0.dylib in Frameworks */ = {isa = PBXBuildFile; fileRef = 2A2EAC58298028C6009BFFB1 /* libGLEW.2.2.0.dylib */; };
		2A2EAC7829802B40009BFFB1 /* wfETC.c in Sources */ = {isa = PBXBuildFile; fileRef = 2A2EAC6729802B40009BFFB1 /* wfETC.c */; };
		2A2EAC7929802B40009BFFB1 /* image_helper.c in Sources */ = {isa = PBXBuildFile; fileRef = 2A2EAC6929802B40009BFFB1 /* image_helper.c */; };
		2A2EAC7A29802B40009BFFB1 /* image_DXT.c in Sources */ = {isa = PBXBuildFile; fileRef = 2A2EAC7129802B40009BFFB1 /* image_DXT.c */; };
		2A2EAC7B29802B40009BFFB1 /* SOIL2.c in Sources */ = {isa = PBXBuildFile; fileRef = 2A2EAC7229802B40009BFFB1 /* SOIL2.c */; };
		2A2EAC7C29802CFC009BFFB1 /* res in CopyFiles */ = {isa = PBXBuildFile; fileRef = 2A2EAC5C298029A8009BFFB1 /* res */; };
		2A2EAC8C29804BFF009BFFB1 /* imgui_tables.cpp in Sources */ = {isa = PBXBuildFile; fileRef = 2A2EAC8129804BFE009BFFB1 /* imgui_tables.cpp */; };
		2A2EAC8D29804BFF009BFFB1 /* imgui.cpp in Sources */ = {isa = PBXBuildFile; fileRef = 2A2EAC8229804BFE009BFFB1 /* imgui.cpp */; };
		2A2EAC8E29804BFF009BFFB1 /* imgui_widgets.cpp in Sources */ = {isa = PBXBuildFile; fileRef = 2A2EAC8429804BFE009BFFB1 /* imgui_widgets.cpp */; };
		2A2EAC8F29804BFF009BFFB1 /* imgui_draw.cpp in Sources */ = {isa = PBXBuildFile; fileRef = 2A2EAC8529804BFE009BFFB1 /* imgui_draw.cpp */; };
		2A2EAC9029804BFF009BFFB1 /* imgui_demo.cpp in Sources */ = {isa = PBXBuildFile; fileRef = 2A2EAC8729804BFE009BFFB1 /* imgui_demo.cpp */; };
		2A2EAC952980507A009BFFB1 /* imgui_impl_glfw.cpp in Sources */ = {isa = PBXBuildFile; fileRef = 2A2EAC932980507A009BFFB1 /* imgui_impl_glfw.cpp */; };
		2A2EAC962980507A009BFFB1 /* imgui_impl_opengl3.cpp in Sources */ = {isa = PBXBuildFile; fileRef = 2A2EAC942980507A009BFFB1 /* imgui_impl_opengl3.cpp */; };
		2AD9DC562981A03D007A9DB1 /* libfreetype.6.dylib in Frameworks */ = {isa = PBXBuildFile; fileRef = 2AD9DC552981A03D007A9DB1 /* libfreetype.6.dylib */; };
/* End PBXBuildFile section */

/* Begin PBXCopyFilesBuildPhase section */
		2A2EAC432980276C009BFFB1 /* CopyFiles */ = {
			isa = PBXCopyFilesBuildPhase;
			buildActionMask = 2147483647;
			dstPath = /usr/share/man/man1/;
			dstSubfolderSpec = 0;
			files = (
			);
			runOnlyForDeploymentPostprocessing = 1;
		};
		2A2EAC5A29802932009BFFB1 /* CopyFiles */ = {
			isa = PBXCopyFilesBuildPhase;
			buildActionMask = 2147483647;
			dstPath = "";
			dstSubfolderSpec = 7;
			files = (
				2A2EAC7C29802CFC009BFFB1 /* res in CopyFiles */,
			);
			runOnlyForDeploymentPostprocessing = 0;
		};
/* End PBXCopyFilesBuildPhase section */

/* Begin PBXFileReference section */
		2A2EAC452980276C009BFFB1 /* Assignment-1 */ = {isa = PBXFileReference; explicitFileType = "compiled.mach-o.executable"; includeInIndex = 0; path = "Assignment-1"; sourceTree = BUILT_PRODUCTS_DIR; };
		2A2EAC482980276C009BFFB1 /* main.cpp */ = {isa = PBXFileReference; lastKnownFileType = sourcecode.cpp.cpp; path = main.cpp; sourceTree = "<group>"; };
		2A2EAC5029802795009BFFB1 /* OpenGL.framework */ = {isa = PBXFileReference; lastKnownFileType = wrapper.framework; name = OpenGL.framework; path = System/Library/Frameworks/OpenGL.framework; sourceTree = SDKROOT; };
		2A2EAC522980286F009BFFB1 /* libglut.3.11.1.dylib */ = {isa = PBXFileReference; lastKnownFileType = "compiled.mach-o.dylib"; name = libglut.3.11.1.dylib; path = ../../../../../opt/homebrew/Cellar/freeglut/3.2.2/lib/libglut.3.11.1.dylib; sourceTree = "<group>"; };
		2A2EAC5429802882009BFFB1 /* libglfw.3.3.dylib */ = {isa = PBXFileReference; lastKnownFileType = "compiled.mach-o.dylib"; name = libglfw.3.3.dylib; path = ../../../../../opt/homebrew/Cellar/glfw/3.3.8/lib/libglfw.3.3.dylib; sourceTree = "<group>"; };
		2A2EAC56298028A0009BFFB1 /* libassimp.5.2.4.dylib */ = {isa = PBXFileReference; lastKnownFileType = "compiled.mach-o.dylib"; name = libassimp.5.2.4.dylib; path = ../../../../../opt/homebrew/Cellar/assimp/5.2.5/lib/libassimp.5.2.4.dylib; sourceTree = "<group>"; };
		2A2EAC58298028C6009BFFB1 /* libGLEW.2.2.0.dylib */ = {isa = PBXFileReference; lastKnownFileType = "compiled.mach-o.dylib"; name = libGLEW.2.2.0.dylib; path = ../../../../../opt/homebrew/Cellar/glew/2.2.0_1/lib/libGLEW.2.2.0.dylib; sourceTree = "<group>"; };
		2A2EAC5C298029A8009BFFB1 /* res */ = {isa = PBXFileReference; lastKnownFileType = folder; path = res; sourceTree = "<group>"; };
		2A2EAC5E29802ACC009BFFB1 /* Camera.h */ = {isa = PBXFileReference; fileEncoding = 4; lastKnownFileType = sourcecode.c.h; path = Camera.h; sourceTree = "<group>"; };
		2A2EAC5F29802ACC009BFFB1 /* Shader.h */ = {isa = PBXFileReference; fileEncoding = 4; lastKnownFileType = sourcecode.c.h; path = Shader.h; sourceTree = "<group>"; };
		2A2EAC6029802AEE009BFFB1 /* Model.h */ = {isa = PBXFileReference; fileEncoding = 4; lastKnownFileType = sourcecode.c.h; path = Model.h; sourceTree = "<group>"; };
		2A2EAC6129802AEE009BFFB1 /* Mesh.h */ = {isa = PBXFileReference; fileEncoding = 4; lastKnownFileType = sourcecode.c.h; path = Mesh.h; sourceTree = "<group>"; };
		2A2EAC6429802B40009BFFB1 /* stbi_ext_c.h */ = {isa = PBXFileReference; fileEncoding = 4; lastKnownFileType = sourcecode.c.h; path = stbi_ext_c.h; sourceTree = "<group>"; };
		2A2EAC6529802B40009BFFB1 /* stbi_ext.h */ = {isa = PBXFileReference; fileEncoding = 4; lastKnownFileType = sourcecode.c.h; path = stbi_ext.h; sourceTree = "<group>"; };
		2A2EAC6629802B40009BFFB1 /* image_DXT.h */ = {isa = PBXFileReference; fileEncoding = 4; lastKnownFileType = sourcecode.c.h; path = image_DXT.h; sourceTree = "<group>"; };
		2A2EAC6729802B40009BFFB1 /* wfETC.c */ = {isa = PBXFileReference; fileEncoding = 4; lastKnownFileType = sourcecode.c.c; path = wfETC.c; sourceTree = "<group>"; };
		2A2EAC6829802B40009BFFB1 /* image_helper.h */ = {isa = PBXFileReference; fileEncoding = 4; lastKnownFileType = sourcecode.c.h; path = image_helper.h; sourceTree = "<group>"; };
		2A2EAC6929802B40009BFFB1 /* image_helper.c */ = {isa = PBXFileReference; fileEncoding = 4; lastKnownFileType = sourcecode.c.c; path = image_helper.c; sourceTree = "<group>"; };
		2A2EAC6A29802B40009BFFB1 /* pkm_helper.h */ = {isa = PBXFileReference; fileEncoding = 4; lastKnownFileType = sourcecode.c.h; path = pkm_helper.h; sourceTree = "<group>"; };
		2A2EAC6B29802B40009BFFB1 /* stbi_pvr.h */ = {isa = PBXFileReference; fileEncoding = 4; lastKnownFileType = sourcecode.c.h; path = stbi_pvr.h; sourceTree = "<group>"; };
		2A2EAC6C29802B40009BFFB1 /* SOIL2.h */ = {isa = PBXFileReference; fileEncoding = 4; lastKnownFileType = sourcecode.c.h; path = SOIL2.h; sourceTree = "<group>"; };
		2A2EAC6D29802B40009BFFB1 /* stb_image.h */ = {isa = PBXFileReference; fileEncoding = 4; lastKnownFileType = sourcecode.c.h; path = stb_image.h; sourceTree = "<group>"; };
		2A2EAC6E29802B40009BFFB1 /* stbi_DDS_c.h */ = {isa = PBXFileReference; fileEncoding = 4; lastKnownFileType = sourcecode.c.h; path = stbi_DDS_c.h; sourceTree = "<group>"; };
		2A2EAC6F29802B40009BFFB1 /* stbi_pkm.h */ = {isa = PBXFileReference; fileEncoding = 4; lastKnownFileType = sourcecode.c.h; path = stbi_pkm.h; sourceTree = "<group>"; };
		2A2EAC7029802B40009BFFB1 /* pvr_helper.h */ = {isa = PBXFileReference; fileEncoding = 4; lastKnownFileType = sourcecode.c.h; path = pvr_helper.h; sourceTree = "<group>"; };
		2A2EAC7129802B40009BFFB1 /* image_DXT.c */ = {isa = PBXFileReference; fileEncoding = 4; lastKnownFileType = sourcecode.c.c; path = image_DXT.c; sourceTree = "<group>"; };
		2A2EAC7229802B40009BFFB1 /* SOIL2.c */ = {isa = PBXFileReference; fileEncoding = 4; lastKnownFileType = sourcecode.c.c; path = SOIL2.c; sourceTree = "<group>"; };
		2A2EAC7329802B40009BFFB1 /* stbi_pkm_c.h */ = {isa = PBXFileReference; fileEncoding = 4; lastKnownFileType = sourcecode.c.h; path = stbi_pkm_c.h; sourceTree = "<group>"; };
		2A2EAC7429802B40009BFFB1 /* stbi_pvr_c.h */ = {isa = PBXFileReference; fileEncoding = 4; lastKnownFileType = sourcecode.c.h; path = stbi_pvr_c.h; sourceTree = "<group>"; };
		2A2EAC7529802B40009BFFB1 /* wfETC.h */ = {isa = PBXFileReference; fileEncoding = 4; lastKnownFileType = sourcecode.c.h; path = wfETC.h; sourceTree = "<group>"; };
		2A2EAC7629802B40009BFFB1 /* stbi_DDS.h */ = {isa = PBXFileReference; fileEncoding = 4; lastKnownFileType = sourcecode.c.h; path = stbi_DDS.h; sourceTree = "<group>"; };
		2A2EAC7729802B40009BFFB1 /* stb_image_write.h */ = {isa = PBXFileReference; fileEncoding = 4; lastKnownFileType = sourcecode.c.h; path = stb_image_write.h; sourceTree = "<group>"; };
		2A2EAC8129804BFE009BFFB1 /* imgui_tables.cpp */ = {isa = PBXFileReference; fileEncoding = 4; lastKnownFileType = sourcecode.cpp.cpp; path = imgui_tables.cpp; sourceTree = "<group>"; };
		2A2EAC8229804BFE009BFFB1 /* imgui.cpp */ = {isa = PBXFileReference; fileEncoding = 4; lastKnownFileType = sourcecode.cpp.cpp; path = imgui.cpp; sourceTree = "<group>"; };
		2A2EAC8329804BFE009BFFB1 /* imgui_internal.h */ = {isa = PBXFileReference; fileEncoding = 4; lastKnownFileType = sourcecode.c.h; path = imgui_internal.h; sourceTree = "<group>"; };
		2A2EAC8429804BFE009BFFB1 /* imgui_widgets.cpp */ = {isa = PBXFileReference; fileEncoding = 4; lastKnownFileType = sourcecode.cpp.cpp; path = imgui_widgets.cpp; sourceTree = "<group>"; };
		2A2EAC8529804BFE009BFFB1 /* imgui_draw.cpp */ = {isa = PBXFileReference; fileEncoding = 4; lastKnownFileType = sourcecode.cpp.cpp; path = imgui_draw.cpp; sourceTree = "<group>"; };
		2A2EAC8629804BFE009BFFB1 /* imconfig.h */ = {isa = PBXFileReference; fileEncoding = 4; lastKnownFileType = sourcecode.c.h; path = imconfig.h; sourceTree = "<group>"; };
		2A2EAC8729804BFE009BFFB1 /* imgui_demo.cpp */ = {isa = PBXFileReference; fileEncoding = 4; lastKnownFileType = sourcecode.cpp.cpp; path = imgui_demo.cpp; sourceTree = "<group>"; };
		2A2EAC8929804BFE009BFFB1 /* imstb_textedit.h */ = {isa = PBXFileReference; fileEncoding = 4; lastKnownFileType = sourcecode.c.h; path = imstb_textedit.h; sourceTree = "<group>"; };
		2A2EAC8A29804BFE009BFFB1 /* imstb_rectpack.h */ = {isa = PBXFileReference; fileEncoding = 4; lastKnownFileType = sourcecode.c.h; path = imstb_rectpack.h; sourceTree = "<group>"; };
		2A2EAC8B29804BFF009BFFB1 /* imstb_truetype.h */ = {isa = PBXFileReference; fileEncoding = 4; lastKnownFileType = sourcecode.c.h; path = imstb_truetype.h; sourceTree = "<group>"; };
		2A2EAC9129804C34009BFFB1 /* imgui */ = {isa = PBXFileReference; lastKnownFileType = folder; path = imgui; sourceTree = "<group>"; };
		2A2EAC932980507A009BFFB1 /* imgui_impl_glfw.cpp */ = {isa = PBXFileReference; fileEncoding = 4; lastKnownFileType = sourcecode.cpp.cpp; path = imgui_impl_glfw.cpp; sourceTree = "<group>"; };
		2A2EAC942980507A009BFFB1 /* imgui_impl_opengl3.cpp */ = {isa = PBXFileReference; fileEncoding = 4; lastKnownFileType = sourcecode.cpp.cpp; path = imgui_impl_opengl3.cpp; sourceTree = "<group>"; };
		2AD9DC5429819F98007A9DB1 /* Text.h */ = {isa = PBXFileReference; fileEncoding = 4; lastKnownFileType = sourcecode.c.h; path = Text.h; sourceTree = "<group>"; };
		2AD9DC552981A03D007A9DB1 /* libfreetype.6.dylib */ = {isa = PBXFileReference; lastKnownFileType = "compiled.mach-o.dylib"; name = libfreetype.6.dylib; path = ../../../../../opt/homebrew/Cellar/freetype/2.12.1/lib/libfreetype.6.dylib; sourceTree = "<group>"; };
/* End PBXFileReference section */

/* Begin PBXFrameworksBuildPhase section */
		2A2EAC422980276C009BFFB1 /* Frameworks */ = {
			isa = PBXFrameworksBuildPhase;
			buildActionMask = 2147483647;
			files = (
				2AD9DC562981A03D007A9DB1 /* libfreetype.6.dylib in Frameworks */,
				2A2EAC59298028C6009BFFB1 /* libGLEW.2.2.0.dylib in Frameworks */,
				2A2EAC57298028A0009BFFB1 /* libassimp.5.2.4.dylib in Frameworks */,
				2A2EAC5529802882009BFFB1 /* libglfw.3.3.dylib in Frameworks */,
				2A2EAC532980286F009BFFB1 /* libglut.3.11.1.dylib in Frameworks */,
				2A2EAC5129802795009BFFB1 /* OpenGL.framework in Frameworks */,
			);
			runOnlyForDeploymentPostprocessing = 0;
		};
/* End PBXFrameworksBuildPhase section */

/* Begin PBXGroup section */
		2A2EAC3C2980276C009BFFB1 = {
			isa = PBXGroup;
			children = (
				2A2EAC472980276C009BFFB1 /* Assignment-1 */,
				2A2EAC462980276C009BFFB1 /* Products */,
				2A2EAC4F29802795009BFFB1 /* Frameworks */,
			);
			sourceTree = "<group>";
		};
		2A2EAC462980276C009BFFB1 /* Products */ = {
			isa = PBXGroup;
			children = (
				2A2EAC452980276C009BFFB1 /* Assignment-1 */,
			);
			name = Products;
			sourceTree = "<group>";
		};
		2A2EAC472980276C009BFFB1 /* Assignment-1 */ = {
			isa = PBXGroup;
			children = (
				2A2EAC9129804C34009BFFB1 /* imgui */,
				2A2EAC8029804BA9009BFFB1 /* imgui_backends */,
				2A2EAC6329802B1D009BFFB1 /* SOIL2 */,
				2A2EAC5C298029A8009BFFB1 /* res */,
				2A2EAC482980276C009BFFB1 /* main.cpp */,
				2A2EAC5E29802ACC009BFFB1 /* Camera.h */,
				2A2EAC5F29802ACC009BFFB1 /* Shader.h */,
				2A2EAC6129802AEE009BFFB1 /* Mesh.h */,
				2A2EAC6029802AEE009BFFB1 /* Model.h */,
				2AD9DC5429819F98007A9DB1 /* Text.h */,
			);
			path = "Assignment-1";
			sourceTree = "<group>";
		};
		2A2EAC4F29802795009BFFB1 /* Frameworks */ = {
			isa = PBXGroup;
			children = (
				2AD9DC552981A03D007A9DB1 /* libfreetype.6.dylib */,
				2A2EAC58298028C6009BFFB1 /* libGLEW.2.2.0.dylib */,
				2A2EAC56298028A0009BFFB1 /* libassimp.5.2.4.dylib */,
				2A2EAC5429802882009BFFB1 /* libglfw.3.3.dylib */,
				2A2EAC522980286F009BFFB1 /* libglut.3.11.1.dylib */,
				2A2EAC5029802795009BFFB1 /* OpenGL.framework */,
			);
			name = Frameworks;
			sourceTree = "<group>";
		};
		2A2EAC6329802B1D009BFFB1 /* SOIL2 */ = {
			isa = PBXGroup;
			children = (
				2A2EAC7129802B40009BFFB1 /* image_DXT.c */,
				2A2EAC6629802B40009BFFB1 /* image_DXT.h */,
				2A2EAC6929802B40009BFFB1 /* image_helper.c */,
				2A2EAC6829802B40009BFFB1 /* image_helper.h */,
				2A2EAC6A29802B40009BFFB1 /* pkm_helper.h */,
				2A2EAC7029802B40009BFFB1 /* pvr_helper.h */,
				2A2EAC7229802B40009BFFB1 /* SOIL2.c */,
				2A2EAC6C29802B40009BFFB1 /* SOIL2.h */,
				2A2EAC7729802B40009BFFB1 /* stb_image_write.h */,
				2A2EAC6D29802B40009BFFB1 /* stb_image.h */,
				2A2EAC6E29802B40009BFFB1 /* stbi_DDS_c.h */,
				2A2EAC7629802B40009BFFB1 /* stbi_DDS.h */,
				2A2EAC6429802B40009BFFB1 /* stbi_ext_c.h */,
				2A2EAC6529802B40009BFFB1 /* stbi_ext.h */,
				2A2EAC7329802B40009BFFB1 /* stbi_pkm_c.h */,
				2A2EAC6F29802B40009BFFB1 /* stbi_pkm.h */,
				2A2EAC7429802B40009BFFB1 /* stbi_pvr_c.h */,
				2A2EAC6B29802B40009BFFB1 /* stbi_pvr.h */,
				2A2EAC6729802B40009BFFB1 /* wfETC.c */,
				2A2EAC7529802B40009BFFB1 /* wfETC.h */,
			);
			path = SOIL2;
			sourceTree = "<group>";
		};
		2A2EAC8029804BA9009BFFB1 /* imgui_backends */ = {
			isa = PBXGroup;
			children = (
				2A2EAC932980507A009BFFB1 /* imgui_impl_glfw.cpp */,
				2A2EAC942980507A009BFFB1 /* imgui_impl_opengl3.cpp */,
				2A2EAC8629804BFE009BFFB1 /* imconfig.h */,
				2A2EAC8729804BFE009BFFB1 /* imgui_demo.cpp */,
				2A2EAC8529804BFE009BFFB1 /* imgui_draw.cpp */,
				2A2EAC8329804BFE009BFFB1 /* imgui_internal.h */,
				2A2EAC8129804BFE009BFFB1 /* imgui_tables.cpp */,
				2A2EAC8429804BFE009BFFB1 /* imgui_widgets.cpp */,
				2A2EAC8229804BFE009BFFB1 /* imgui.cpp */,
				2A2EAC8A29804BFE009BFFB1 /* imstb_rectpack.h */,
				2A2EAC8929804BFE009BFFB1 /* imstb_textedit.h */,
				2A2EAC8B29804BFF009BFFB1 /* imstb_truetype.h */,
			);
			path = imgui_backends;
			sourceTree = "<group>";
		};
/* End PBXGroup section */

/* Begin PBXNativeTarget section */
		2A2EAC442980276C009BFFB1 /* Assignment-1 */ = {
			isa = PBXNativeTarget;
			buildConfigurationList = 2A2EAC4C2980276C009BFFB1 /* Build configuration list for PBXNativeTarget "Assignment-1" */;
			buildPhases = (
				2A2EAC412980276C009BFFB1 /* Sources */,
				2A2EAC422980276C009BFFB1 /* Frameworks */,
				2A2EAC432980276C009BFFB1 /* CopyFiles */,
				2A2EAC5A29802932009BFFB1 /* CopyFiles */,
			);
			buildRules = (
			);
			dependencies = (
			);
			name = "Assignment-1";
			productName = "Assignment-1";
			productReference = 2A2EAC452980276C009BFFB1 /* Assignment-1 */;
			productType = "com.apple.product-type.tool";
		};
/* End PBXNativeTarget section */

/* Begin PBXProject section */
		2A2EAC3D2980276C009BFFB1 /* Project object */ = {
			isa = PBXProject;
			attributes = {
				BuildIndependentTargetsInParallel = 1;
				LastUpgradeCheck = 1420;
				TargetAttributes = {
					2A2EAC442980276C009BFFB1 = {
						CreatedOnToolsVersion = 14.2;
					};
				};
			};
			buildConfigurationList = 2A2EAC402980276C009BFFB1 /* Build configuration list for PBXProject "Assignment-1" */;
			compatibilityVersion = "Xcode 14.0";
			developmentRegion = en;
			hasScannedForEncodings = 0;
			knownRegions = (
				en,
				Base,
			);
			mainGroup = 2A2EAC3C2980276C009BFFB1;
			productRefGroup = 2A2EAC462980276C009BFFB1 /* Products */;
			projectDirPath = "";
			projectRoot = "";
			targets = (
				2A2EAC442980276C009BFFB1 /* Assignment-1 */,
			);
		};
/* End PBXProject section */

/* Begin PBXSourcesBuildPhase section */
		2A2EAC412980276C009BFFB1 /* Sources */ = {
			isa = PBXSourcesBuildPhase;
			buildActionMask = 2147483647;
			files = (
				2A2EAC7929802B40009BFFB1 /* image_helper.c in Sources */,
				2A2EAC492980276C009BFFB1 /* main.cpp in Sources */,
				2A2EAC7A29802B40009BFFB1 /* image_DXT.c in Sources */,
				2A2EAC8F29804BFF009BFFB1 /* imgui_draw.cpp in Sources */,
				2A2EAC8E29804BFF009BFFB1 /* imgui_widgets.cpp in Sources */,
				2A2EAC7B29802B40009BFFB1 /* SOIL2.c in Sources */,
				2A2EAC952980507A009BFFB1 /* imgui_impl_glfw.cpp in Sources */,
				2A2EAC8C29804BFF009BFFB1 /* imgui_tables.cpp in Sources */,
				2A2EAC8D29804BFF009BFFB1 /* imgui.cpp in Sources */,
				2A2EAC9029804BFF009BFFB1 /* imgui_demo.cpp in Sources */,
				2A2EAC962980507A009BFFB1 /* imgui_impl_opengl3.cpp in Sources */,
				2A2EAC7829802B40009BFFB1 /* wfETC.c in Sources */,
			);
			runOnlyForDeploymentPostprocessing = 0;
		};
/* End PBXSourcesBuildPhase section */

/* Begin XCBuildConfiguration section */
		2A2EAC4A2980276C009BFFB1 /* Debug */ = {
			isa = XCBuildConfiguration;
			buildSettings = {
				ALWAYS_SEARCH_USER_PATHS = NO;
				CLANG_ANALYZER_NONNULL = YES;
				CLANG_ANALYZER_NUMBER_OBJECT_CONVERSION = YES_AGGRESSIVE;
				CLANG_CXX_LANGUAGE_STANDARD = "gnu++20";
				CLANG_ENABLE_MODULES = YES;
				CLANG_ENABLE_OBJC_ARC = YES;
				CLANG_ENABLE_OBJC_WEAK = YES;
				CLANG_WARN_BLOCK_CAPTURE_AUTORELEASING = YES;
				CLANG_WARN_BOOL_CONVERSION = YES;
				CLANG_WARN_COMMA = YES;
				CLANG_WARN_CONSTANT_CONVERSION = YES;
				CLANG_WARN_DEPRECATED_OBJC_IMPLEMENTATIONS = YES;
				CLANG_WARN_DIRECT_OBJC_ISA_USAGE = YES_ERROR;
				CLANG_WARN_DOCUMENTATION_COMMENTS = YES;
				CLANG_WARN_EMPTY_BODY = YES;
				CLANG_WARN_ENUM_CONVERSION = YES;
				CLANG_WARN_INFINITE_RECURSION = YES;
				CLANG_WARN_INT_CONVERSION = YES;
				CLANG_WARN_NON_LITERAL_NULL_CONVERSION = YES;
				CLANG_WARN_OBJC_IMPLICIT_RETAIN_SELF = YES;
				CLANG_WARN_OBJC_LITERAL_CONVERSION = YES;
				CLANG_WARN_OBJC_ROOT_CLASS = YES_ERROR;
				CLANG_WARN_QUOTED_INCLUDE_IN_FRAMEWORK_HEADER = YES;
				CLANG_WARN_RANGE_LOOP_ANALYSIS = YES;
				CLANG_WARN_STRICT_PROTOTYPES = YES;
				CLANG_WARN_SUSPICIOUS_MOVE = YES;
				CLANG_WARN_UNGUARDED_AVAILABILITY = YES_AGGRESSIVE;
				CLANG_WARN_UNREACHABLE_CODE = YES;
				CLANG_WARN__DUPLICATE_METHOD_MATCH = YES;
				COPY_PHASE_STRIP = NO;
				DEBUG_INFORMATION_FORMAT = dwarf;
				ENABLE_STRICT_OBJC_MSGSEND = YES;
				ENABLE_TESTABILITY = YES;
				GCC_C_LANGUAGE_STANDARD = gnu11;
				GCC_DYNAMIC_NO_PIC = NO;
				GCC_NO_COMMON_BLOCKS = YES;
				GCC_OPTIMIZATION_LEVEL = 0;
				GCC_PREPROCESSOR_DEFINITIONS = (
					"DEBUG=1",
					"$(inherited)",
				);
				GCC_WARN_64_TO_32_BIT_CONVERSION = YES;
				GCC_WARN_ABOUT_RETURN_TYPE = YES_ERROR;
				GCC_WARN_UNDECLARED_SELECTOR = YES;
				GCC_WARN_UNINITIALIZED_AUTOS = YES_AGGRESSIVE;
				GCC_WARN_UNUSED_FUNCTION = YES;
				GCC_WARN_UNUSED_VARIABLE = YES;
				MACOSX_DEPLOYMENT_TARGET = 13.1;
				MTL_ENABLE_DEBUG_INFO = INCLUDE_SOURCE;
				MTL_FAST_MATH = YES;
				ONLY_ACTIVE_ARCH = YES;
				SDKROOT = macosx;
			};
			name = Debug;
		};
		2A2EAC4B2980276C009BFFB1 /* Release */ = {
			isa = XCBuildConfiguration;
			buildSettings = {
				ALWAYS_SEARCH_USER_PATHS = NO;
				CLANG_ANALYZER_NONNULL = YES;
				CLANG_ANALYZER_NUMBER_OBJECT_CONVERSION = YES_AGGRESSIVE;
				CLANG_CXX_LANGUAGE_STANDARD = "gnu++20";
				CLANG_ENABLE_MODULES = YES;
				CLANG_ENABLE_OBJC_ARC = YES;
				CLANG_ENABLE_OBJC_WEAK = YES;
				CLANG_WARN_BLOCK_CAPTURE_AUTORELEASING = YES;
				CLANG_WARN_BOOL_CONVERSION = YES;
				CLANG_WARN_COMMA = YES;
				CLANG_WARN_CONSTANT_CONVERSION = YES;
				CLANG_WARN_DEPRECATED_OBJC_IMPLEMENTATIONS = YES;
				CLANG_WARN_DIRECT_OBJC_ISA_USAGE = YES_ERROR;
				CLANG_WARN_DOCUMENTATION_COMMENTS = YES;
				CLANG_WARN_EMPTY_BODY = YES;
				CLANG_WARN_ENUM_CONVERSION = YES;
				CLANG_WARN_INFINITE_RECURSION = YES;
				CLANG_WARN_INT_CONVERSION = YES;
				CLANG_WARN_NON_LITERAL_NULL_CONVERSION = YES;
				CLANG_WARN_OBJC_IMPLICIT_RETAIN_SELF = YES;
				CLANG_WARN_OBJC_LITERAL_CONVERSION = YES;
				CLANG_WARN_OBJC_ROOT_CLASS = YES_ERROR;
				CLANG_WARN_QUOTED_INCLUDE_IN_FRAMEWORK_HEADER = YES;
				CLANG_WARN_RANGE_LOOP_ANALYSIS = YES;
				CLANG_WARN_STRICT_PROTOTYPES = YES;
				CLANG_WARN_SUSPICIOUS_MOVE = YES;
				CLANG_WARN_UNGUARDED_AVAILABILITY = YES_AGGRESSIVE;
				CLANG_WARN_UNREACHABLE_CODE = YES;
				CLANG_WARN__DUPLICATE_METHOD_MATCH = YES;
				COPY_PHASE_STRIP = NO;
				DEBUG_INFORMATION_FORMAT = "dwarf-with-dsym";
				ENABLE_NS_ASSERTIONS = NO;
				ENABLE_STRICT_OBJC_MSGSEND = YES;
				GCC_C_LANGUAGE_STANDARD = gnu11;
				GCC_NO_COMMON_BLOCKS = YES;
				GCC_WARN_64_TO_32_BIT_CONVERSION = YES;
				GCC_WARN_ABOUT_RETURN_TYPE = YES_ERROR;
				GCC_WARN_UNDECLARED_SELECTOR = YES;
				GCC_WARN_UNINITIALIZED_AUTOS = YES_AGGRESSIVE;
				GCC_WARN_UNUSED_FUNCTION = YES;
				GCC_WARN_UNUSED_VARIABLE = YES;
				MACOSX_DEPLOYMENT_TARGET = 13.1;
				MTL_ENABLE_DEBUG_INFO = NO;
				MTL_FAST_MATH = YES;
				SDKROOT = macosx;
			};
			name = Release;
		};
		2A2EAC4D2980276C009BFFB1 /* Debug */ = {
			isa = XCBuildConfiguration;
			buildSettings = {
				CODE_SIGN_STYLE = Automatic;
				HEADER_SEARCH_PATHS = (
					/opt/homebrew/Cellar/glew/2.2.0_1/include,
					/opt/homebrew/Cellar/assimp/5.2.5/include,
					/opt/homebrew/Cellar/glfw/3.3.8/include,
					/opt/homebrew/Cellar/freetype/2.12.1/include/freetype2,
					/opt/homebrew/Cellar/freeglut/3.2.2/include,
					/opt/homebrew/Cellar/glm/0.9.9.8/include,
					/usr/local/include,
				);
				LIBRARY_SEARCH_PATHS = (
					"$(inherited)",
					/opt/homebrew/Cellar/freeglut/3.2.2/lib,
					/opt/homebrew/Cellar/glfw/3.3.8/lib,
					/opt/homebrew/Cellar/assimp/5.2.5/lib,
					/opt/homebrew/Cellar/glew/2.2.0_1/lib,
					/opt/homebrew/Cellar/freetype/2.12.1/lib,
				);
				PRODUCT_NAME = "$(TARGET_NAME)";
			};
			name = Debug;
		};
		2A2EAC4E2980276C009BFFB1 /* Release */ = {
			isa = XCBuildConfiguration;
			buildSettings = {
				CODE_SIGN_STYLE = Automatic;
				HEADER_SEARCH_PATHS = (
					/opt/homebrew/Cellar/glew/2.2.0_1/include,
					/opt/homebrew/Cellar/assimp/5.2.5/include,
					/opt/homebrew/Cellar/glfw/3.3.8/include,
					/opt/homebrew/Cellar/freetype/2.12.1/include/freetype2,
					/opt/homebrew/Cellar/freeglut/3.2.2/include,
					/opt/homebrew/Cellar/glm/0.9.9.8/include,
					/usr/local/include,
				);
				LIBRARY_SEARCH_PATHS = (
					"$(inherited)",
					/opt/homebrew/Cellar/freeglut/3.2.2/lib,
					/opt/homebrew/Cellar/glfw/3.3.8/lib,
					/opt/homebrew/Cellar/assimp/5.2.5/lib,
					/opt/homebrew/Cellar/glew/2.2.0_1/lib,
					/opt/homebrew/Cellar/freetype/2.12.1/lib,
				);
				PRODUCT_NAME = "$(TARGET_NAME)";
			};
			name = Release;
		};
/* End XCBuildConfiguration section */

/* Begin XCConfigurationList section */
		2A2EAC402980276C009BFFB1 /* Build configuration list for PBXProject "Assignment-1" */ = {
			isa = XCConfigurationList;
			buildConfigurations = (
				2A2EAC4A2980276C009BFFB1 /* Debug */,
				2A2EAC4B2980276C009BFFB1 /* Release */,
			);
			defaultConfigurationIsVisible = 0;
			defaultConfigurationName = Release;
		};
		2A2EAC4C2980276C009BFFB1 /* Build configuration list for PBXNativeTarget "Assignment-1" */ = {
			isa = XCConfigurationList;
			buildConfigurations = (
				2A2EAC4D2980276C009BFFB1 /* Debug */,
				2A2EAC4E2980276C009BFFB1 /* Release */,
			);
			defaultConfigurationIsVisible = 0;
			defaultConfigurationName = Release;
		};
/* End XCConfigurationList section */
	};
	rootObject = 2A2EAC3D2980276C009BFFB1 /* Project object */;
}
